
Microsoft Visual Studio Solution File, Format Version 12.00
# Visual Studio Version 17
VisualStudioVersion = 17.1.32328.378
MinimumVisualStudioVersion = 10.0.40219.1
Project("{FAE04EC0-301F-11D3-BF4B-00C04F79EFBC}") = "BussinessProyect", "BussinessProyect\BussinessProyect.csproj", "{6E5818AD-AB4F-4F32-A161-D0031A75C19A}"
EndProject
Project("{FAE04EC0-301F-11D3-BF4B-00C04F79EFBC}") = "VistaProyecto", "VistaProyecto\VistaProyecto.csproj", "{FD3A19EC-5F7E-4B3A-8CB6-D97562B76338}"
EndProject
Project("{FAE04EC0-301F-11D3-BF4B-00C04F79EFBC}") = "Entities", "Entities\Entities.csproj", "{10BE2A7F-AD39-4918-9DEF-9078CFF97F57}"
EndProject
Global
	GlobalSection(SolutionConfigurationPlatforms) = preSolution
		Debug|Any CPU = Debug|Any CPU
		Release|Any CPU = Release|Any CPU
	EndGlobalSection
	GlobalSection(ProjectConfigurationPlatforms) = postSolution
		{6E5818AD-AB4F-4F32-A161-D0031A75C19A}.Debug|Any CPU.ActiveCfg = Debug|Any CPU
		{6E5818AD-AB4F-4F32-A161-D0031A75C19A}.Debug|Any CPU.Build.0 = Debug|Any CPU
		{6E5818AD-AB4F-4F32-A161-D0031A75C19A}.Release|Any CPU.ActiveCfg = Release|Any CPU
		{6E5818AD-AB4F-4F32-A161-D0031A75C19A}.Release|Any CPU.Build.0 = Release|Any CPU
		{FD3A19EC-5F7E-4B3A-8CB6-D97562B76338}.Debug|Any CPU.ActiveCfg = Debug|Any CPU
		{FD3A19EC-5F7E-4B3A-8CB6-D97562B76338}.Debug|Any CPU.Build.0 = Debug|Any CPU
		{FD3A19EC-5F7E-4B3A-8CB6-D97562B76338}.Release|Any CPU.ActiveCfg = Release|Any CPU
		{FD3A19EC-5F7E-4B3A-8CB6-D97562B76338}.Release|Any CPU.Build.0 = Release|Any CPU
		{10BE2A7F-AD39-4918-9DEF-9078CFF97F57}.Debug|Any CPU.ActiveCfg = Debug|Any CPU
		{10BE2A7F-AD39-4918-9DEF-9078CFF97F57}.Debug|Any CPU.Build.0 = Debug|Any CPU
		{10BE2A7F-AD39-4918-9DEF-9078CFF97F57}.Release|Any CPU.ActiveCfg = Release|Any CPU
		{10BE2A7F-AD39-4918-9DEF-9078CFF97F57}.Release|Any CPU.Build.0 = Release|Any CPU
	EndGlobalSection
	GlobalSection(SolutionProperties) = preSolution
		HideSolutionNode = FALSE
	EndGlobalSection
	GlobalSection(ExtensibilityGlobals) = postSolution
		SolutionGuid = {3E02ED00-E9E3-48EB-B4C3-7C79B38EE2FC}
	EndGlobalSection
EndGlobal
